
Microsoft Visual Studio Solution File, Format Version 12.00
# Visual Studio Version 17
VisualStudioVersion = 17.0.32112.339
MinimumVisualStudioVersion = 10.0.40219.1
Project("{8BC9CEB8-8B4A-11D0-8D11-00A0C91BC942}") = "Week13Lesson13task02", "Week13Lesson13task02.vcxproj", "{CE59E91E-AC50-4984-9C60-94841D29D498}"
EndProject
Global
	GlobalSection(SolutionConfigurationPlatforms) = preSolution
		Debug|x64 = Debug|x64
		Debug|x86 = Debug|x86
		Release|x64 = Release|x64
		Release|x86 = Release|x86
	EndGlobalSection
	GlobalSection(ProjectConfigurationPlatforms) = postSolution
		{CE59E91E-AC50-4984-9C60-94841D29D498}.Debug|x64.ActiveCfg = Debug|x64
		{CE59E91E-AC50-4984-9C60-94841D29D498}.Debug|x64.Build.0 = Debug|x64
		{CE59E91E-AC50-4984-9C60-94841D29D498}.Debug|x86.ActiveCfg = Debug|Win32
		{CE59E91E-AC50-4984-9C60-94841D29D498}.Debug|x86.Build.0 = Debug|Win32
		{CE59E91E-AC50-4984-9C60-94841D29D498}.Release|x64.ActiveCfg = Release|x64
		{CE59E91E-AC50-4984-9C60-94841D29D498}.Release|x64.Build.0 = Release|x64
		{CE59E91E-AC50-4984-9C60-94841D29D498}.Release|x86.ActiveCfg = Release|Win32
		{CE59E91E-AC50-4984-9C60-94841D29D498}.Release|x86.Build.0 = Release|Win32
	EndGlobalSection
	GlobalSection(SolutionProperties) = preSolution
		HideSolutionNode = FALSE
	EndGlobalSection
	GlobalSection(ExtensibilityGlobals) = postSolution
		SolutionGuid = {F92011DE-D267-4C3C-A15C-D64E83D70C38}
	EndGlobalSection
EndGlobal
